// !$*UTF8*$!
{
	archiveVersion = 1;
	classes = {
	};
	objectVersion = 51;
	objects = {

/* Begin PBXBuildFile section */
		6053134526B1F64800CDE426 /* GoogleMapsDemoApp.swift in Sources */ = {isa = PBXBuildFile; fileRef = 6053134426B1F64800CDE426 /* GoogleMapsDemoApp.swift */; };
		6053134726B1F64800CDE426 /* ContentView.swift in Sources */ = {isa = PBXBuildFile; fileRef = 6053134626B1F64800CDE426 /* ContentView.swift */; };
		6053134926B1F64900CDE426 /* Assets.xcassets in Resources */ = {isa = PBXBuildFile; fileRef = 6053134826B1F64900CDE426 /* Assets.xcassets */; };
		6053134C26B1F64900CDE426 /* Preview Assets.xcassets in Resources */ = {isa = PBXBuildFile; fileRef = 6053134B26B1F64900CDE426 /* Preview Assets.xcassets */; };
		60F5EB9D26B2030500C7B546 /* GoogleMapsView.swift in Sources */ = {isa = PBXBuildFile; fileRef = 60F5EB9C26B2030500C7B546 /* GoogleMapsView.swift */; };
		60F5EBDB26B4594600C7B546 /* FormView.swift in Sources */ = {isa = PBXBuildFile; fileRef = 60F5EBDA26B4594600C7B546 /* FormView.swift */; };
		60F5EBDD26B459C400C7B546 /* BackendTest.swift in Sources */ = {isa = PBXBuildFile; fileRef = 60F5EBDC26B459C400C7B546 /* BackendTest.swift */; };
		72CC1CD9273234DE61390918 /* Pods_GoogleMapsDemo.framework in Frameworks */ = {isa = PBXBuildFile; fileRef = 168730316A30F79BF86BB5A4 /* Pods_GoogleMapsDemo.framework */; };
/* End PBXBuildFile section */

/* Begin PBXFileReference section */
		168730316A30F79BF86BB5A4 /* Pods_GoogleMapsDemo.framework */ = {isa = PBXFileReference; explicitFileType = wrapper.framework; includeInIndex = 0; path = Pods_GoogleMapsDemo.framework; sourceTree = BUILT_PRODUCTS_DIR; };
		6053134126B1F64800CDE426 /* GoogleMapsDemo.app */ = {isa = PBXFileReference; explicitFileType = wrapper.application; includeInIndex = 0; path = GoogleMapsDemo.app; sourceTree = BUILT_PRODUCTS_DIR; };
		6053134426B1F64800CDE426 /* GoogleMapsDemoApp.swift */ = {isa = PBXFileReference; lastKnownFileType = sourcecode.swift; path = GoogleMapsDemoApp.swift; sourceTree = "<group>"; };
		6053134626B1F64800CDE426 /* ContentView.swift */ = {isa = PBXFileReference; lastKnownFileType = sourcecode.swift; path = ContentView.swift; sourceTree = "<group>"; };
		6053134826B1F64900CDE426 /* Assets.xcassets */ = {isa = PBXFileReference; lastKnownFileType = folder.assetcatalog; path = Assets.xcassets; sourceTree = "<group>"; };
		6053134B26B1F64900CDE426 /* Preview Assets.xcassets */ = {isa = PBXFileReference; lastKnownFileType = folder.assetcatalog; path = "Preview Assets.xcassets"; sourceTree = "<group>"; };
		6053134D26B1F64900CDE426 /* Info.plist */ = {isa = PBXFileReference; lastKnownFileType = text.plist.xml; path = Info.plist; sourceTree = "<group>"; };
		60F5EB9C26B2030500C7B546 /* GoogleMapsView.swift */ = {isa = PBXFileReference; lastKnownFileType = sourcecode.swift; path = GoogleMapsView.swift; sourceTree = "<group>"; };
		60F5EBDA26B4594600C7B546 /* FormView.swift */ = {isa = PBXFileReference; lastKnownFileType = sourcecode.swift; path = FormView.swift; sourceTree = "<group>"; };
		60F5EBDC26B459C400C7B546 /* BackendTest.swift */ = {isa = PBXFileReference; lastKnownFileType = sourcecode.swift; path = BackendTest.swift; sourceTree = "<group>"; };
		BBF28F875CCFBC9DAF40A3F8 /* Pods-GoogleMapsDemo.release.xcconfig */ = {isa = PBXFileReference; includeInIndex = 1; lastKnownFileType = text.xcconfig; name = "Pods-GoogleMapsDemo.release.xcconfig"; path = "Target Support Files/Pods-GoogleMapsDemo/Pods-GoogleMapsDemo.release.xcconfig"; sourceTree = "<group>"; };
		C762DB663C768F113DA77BF2 /* Pods-GoogleMapsDemo.debug.xcconfig */ = {isa = PBXFileReference; includeInIndex = 1; lastKnownFileType = text.xcconfig; name = "Pods-GoogleMapsDemo.debug.xcconfig"; path = "Target Support Files/Pods-GoogleMapsDemo/Pods-GoogleMapsDemo.debug.xcconfig"; sourceTree = "<group>"; };
/* End PBXFileReference section */

/* Begin PBXFrameworksBuildPhase section */
		6053133E26B1F64800CDE426 /* Frameworks */ = {
			isa = PBXFrameworksBuildPhase;
			buildActionMask = 2147483647;
			files = (
				72CC1CD9273234DE61390918 /* Pods_GoogleMapsDemo.framework in Frameworks */,
			);
			runOnlyForDeploymentPostprocessing = 0;
		};
/* End PBXFrameworksBuildPhase section */

/* Begin PBXGroup section */
		6053133826B1F64800CDE426 = {
			isa = PBXGroup;
			children = (
				6053134326B1F64800CDE426 /* GoogleMapsDemo */,
				6053134226B1F64800CDE426 /* Products */,
				943CFFD6B4D8A1204CF655DF /* Pods */,
				798D7CCBE8C4770FD0D25C26 /* Frameworks */,
			);
			sourceTree = "<group>";
		};
		6053134226B1F64800CDE426 /* Products */ = {
			isa = PBXGroup;
			children = (
				6053134126B1F64800CDE426 /* GoogleMapsDemo.app */,
			);
			name = Products;
			sourceTree = "<group>";
		};
		6053134326B1F64800CDE426 /* GoogleMapsDemo */ = {
			isa = PBXGroup;
			children = (
				6053134426B1F64800CDE426 /* GoogleMapsDemoApp.swift */,
				6053134626B1F64800CDE426 /* ContentView.swift */,
				60F5EBDC26B459C400C7B546 /* BackendTest.swift */,
				60F5EBDA26B4594600C7B546 /* FormView.swift */,
				6053134826B1F64900CDE426 /* Assets.xcassets */,
				6053134D26B1F64900CDE426 /* Info.plist */,
				6053134A26B1F64900CDE426 /* Preview Content */,
				60F5EB9C26B2030500C7B546 /* GoogleMapsView.swift */,
			);
			path = GoogleMapsDemo;
			sourceTree = "<group>";
		};
		6053134A26B1F64900CDE426 /* Preview Content */ = {
			isa = PBXGroup;
			children = (
				6053134B26B1F64900CDE426 /* Preview Assets.xcassets */,
			);
			path = "Preview Content";
			sourceTree = "<group>";
		};
		798D7CCBE8C4770FD0D25C26 /* Frameworks */ = {
			isa = PBXGroup;
			children = (
				168730316A30F79BF86BB5A4 /* Pods_GoogleMapsDemo.framework */,
			);
			name = Frameworks;
			sourceTree = "<group>";
		};
		943CFFD6B4D8A1204CF655DF /* Pods */ = {
			isa = PBXGroup;
			children = (
				C762DB663C768F113DA77BF2 /* Pods-GoogleMapsDemo.debug.xcconfig */,
				BBF28F875CCFBC9DAF40A3F8 /* Pods-GoogleMapsDemo.release.xcconfig */,
			);
			path = Pods;
			sourceTree = "<group>";
		};
/* End PBXGroup section */

/* Begin PBXNativeTarget section */
		6053134026B1F64800CDE426 /* GoogleMapsDemo */ = {
			isa = PBXNativeTarget;
			buildConfigurationList = 6053135026B1F64900CDE426 /* Build configuration list for PBXNativeTarget "GoogleMapsDemo" */;
			buildPhases = (
				A17F04F7ADC3972D401BA425 /* [CP] Check Pods Manifest.lock */,
				6053133D26B1F64800CDE426 /* Sources */,
				6053133E26B1F64800CDE426 /* Frameworks */,
				6053133F26B1F64800CDE426 /* Resources */,
				EEB3B57A7B716D3BFA771517 /* [CP] Copy Pods Resources */,
			);
			buildRules = (
			);
			dependencies = (
			);
			name = GoogleMapsDemo;
			productName = GoogleMapsDemo;
			productReference = 6053134126B1F64800CDE426 /* GoogleMapsDemo.app */;
			productType = "com.apple.product-type.application";
		};
/* End PBXNativeTarget section */

/* Begin PBXProject section */
		6053133926B1F64800CDE426 /* Project object */ = {
			isa = PBXProject;
			attributes = {
				LastSwiftUpdateCheck = 1250;
				LastUpgradeCheck = 1250;
				TargetAttributes = {
					6053134026B1F64800CDE426 = {
						CreatedOnToolsVersion = 12.5.1;
					};
				};
			};
			buildConfigurationList = 6053133C26B1F64800CDE426 /* Build configuration list for PBXProject "GoogleMapsDemo" */;
			compatibilityVersion = "Xcode 9.3";
			developmentRegion = en;
			hasScannedForEncodings = 0;
			knownRegions = (
				en,
				Base,
			);
			mainGroup = 6053133826B1F64800CDE426;
			productRefGroup = 6053134226B1F64800CDE426 /* Products */;
			projectDirPath = "";
			projectRoot = "";
			targets = (
				6053134026B1F64800CDE426 /* GoogleMapsDemo */,
			);
		};
/* End PBXProject section */

/* Begin PBXResourcesBuildPhase section */
		6053133F26B1F64800CDE426 /* Resources */ = {
			isa = PBXResourcesBuildPhase;
			buildActionMask = 2147483647;
			files = (
				6053134C26B1F64900CDE426 /* Preview Assets.xcassets in Resources */,
				6053134926B1F64900CDE426 /* Assets.xcassets in Resources */,
			);
			runOnlyForDeploymentPostprocessing = 0;
		};
/* End PBXResourcesBuildPhase section */

/* Begin PBXShellScriptBuildPhase section */
		A17F04F7ADC3972D401BA425 /* [CP] Check Pods Manifest.lock */ = {
			isa = PBXShellScriptBuildPhase;
			buildActionMask = 2147483647;
			files = (
			);
			inputFileListPaths = (
			);
			inputPaths = (
				"${PODS_PODFILE_DIR_PATH}/Podfile.lock",
				"${PODS_ROOT}/Manifest.lock",
			);
			name = "[CP] Check Pods Manifest.lock";
			outputFileListPaths = (
			);
			outputPaths = (
				"$(DERIVED_FILE_DIR)/Pods-GoogleMapsDemo-checkManifestLockResult.txt",
			);
			runOnlyForDeploymentPostprocessing = 0;
			shellPath = /bin/sh;
			shellScript = "diff \"${PODS_PODFILE_DIR_PATH}/Podfile.lock\" \"${PODS_ROOT}/Manifest.lock\" > /dev/null\nif [ $? != 0 ] ; then\n    # print error to STDERR\n    echo \"error: The sandbox is not in sync with the Podfile.lock. Run 'pod install' or update your CocoaPods installation.\" >&2\n    exit 1\nfi\n# This output is used by Xcode 'outputs' to avoid re-running this script phase.\necho \"SUCCESS\" > \"${SCRIPT_OUTPUT_FILE_0}\"\n";
			showEnvVarsInLog = 0;
		};
		EEB3B57A7B716D3BFA771517 /* [CP] Copy Pods Resources */ = {
			isa = PBXShellScriptBuildPhase;
			buildActionMask = 2147483647;
			files = (
			);
			inputFileListPaths = (
				"${PODS_ROOT}/Target Support Files/Pods-GoogleMapsDemo/Pods-GoogleMapsDemo-resources-${CONFIGURATION}-input-files.xcfilelist",
			);
			name = "[CP] Copy Pods Resources";
			outputFileListPaths = (
				"${PODS_ROOT}/Target Support Files/Pods-GoogleMapsDemo/Pods-GoogleMapsDemo-resources-${CONFIGURATION}-output-files.xcfilelist",
			);
			runOnlyForDeploymentPostprocessing = 0;
			shellPath = /bin/sh;
			shellScript = "\"${PODS_ROOT}/Target Support Files/Pods-GoogleMapsDemo/Pods-GoogleMapsDemo-resources.sh\"\n";
			showEnvVarsInLog = 0;
		};
/* End PBXShellScriptBuildPhase section */

/* Begin PBXSourcesBuildPhase section */
		6053133D26B1F64800CDE426 /* Sources */ = {
			isa = PBXSourcesBuildPhase;
			buildActionMask = 2147483647;
			files = (
				60F5EBDD26B459C400C7B546 /* BackendTest.swift in Sources */,
				60F5EBDB26B4594600C7B546 /* FormView.swift in Sources */,
				60F5EB9D26B2030500C7B546 /* GoogleMapsView.swift in Sources */,
				6053134726B1F64800CDE426 /* ContentView.swift in Sources */,
				6053134526B1F64800CDE426 /* GoogleMapsDemoApp.swift in Sources */,
			);
			runOnlyForDeploymentPostprocessing = 0;
		};
/* End PBXSourcesBuildPhase section */

/* Begin XCBuildConfiguration section */
		6053134E26B1F64900CDE426 /* Debug */ = {
			isa = XCBuildConfiguration;
			buildSettings = {
				ALWAYS_SEARCH_USER_PATHS = NO;
				CLANG_ANALYZER_NONNULL = YES;
				CLANG_ANALYZER_NUMBER_OBJECT_CONVERSION = YES_AGGRESSIVE;
				CLANG_CXX_LANGUAGE_STANDARD = "gnu++14";
				CLANG_CXX_LIBRARY = "libc++";
				CLANG_ENABLE_MODULES = YES;
				CLANG_ENABLE_OBJC_ARC = YES;
				CLANG_ENABLE_OBJC_WEAK = YES;
				CLANG_WARN_BLOCK_CAPTURE_AUTORELEASING = YES;
				CLANG_WARN_BOOL_CONVERSION = YES;
				CLANG_WARN_COMMA = YES;
				CLANG_WARN_CONSTANT_CONVERSION = YES;
				CLANG_WARN_DEPRECATED_OBJC_IMPLEMENTATIONS = YES;
				CLANG_WARN_DIRECT_OBJC_ISA_USAGE = YES_ERROR;
				CLANG_WARN_DOCUMENTATION_COMMENTS = YES;
				CLANG_WARN_EMPTY_BODY = YES;
				CLANG_WARN_ENUM_CONVERSION = YES;
				CLANG_WARN_INFINITE_RECURSION = YES;
				CLANG_WARN_INT_CONVERSION = YES;
				CLANG_WARN_NON_LITERAL_NULL_CONVERSION = YES;
				CLANG_WARN_OBJC_IMPLICIT_RETAIN_SELF = YES;
				CLANG_WARN_OBJC_LITERAL_CONVERSION = YES;
				CLANG_WARN_OBJC_ROOT_CLASS = YES_ERROR;
				CLANG_WARN_QUOTED_INCLUDE_IN_FRAMEWORK_HEADER = YES;
				CLANG_WARN_RANGE_LOOP_ANALYSIS = YES;
				CLANG_WARN_STRICT_PROTOTYPES = YES;
				CLANG_WARN_SUSPICIOUS_MOVE = YES;
				CLANG_WARN_UNGUARDED_AVAILABILITY = YES_AGGRESSIVE;
				CLANG_WARN_UNREACHABLE_CODE = YES;
				CLANG_WARN__DUPLICATE_METHOD_MATCH = YES;
				COPY_PHASE_STRIP = NO;
				DEBUG_INFORMATION_FORMAT = dwarf;
				ENABLE_STRICT_OBJC_MSGSEND = YES;
				ENABLE_TESTABILITY = YES;
				GCC_C_LANGUAGE_STANDARD = gnu11;
				GCC_DYNAMIC_NO_PIC = NO;
				GCC_NO_COMMON_BLOCKS = YES;
				GCC_OPTIMIZATION_LEVEL = 0;
				GCC_PREPROCESSOR_DEFINITIONS = (
					"DEBUG=1",
					"$(inherited)",
				);
				GCC_WARN_64_TO_32_BIT_CONVERSION = YES;
				GCC_WARN_ABOUT_RETURN_TYPE = YES_ERROR;
				GCC_WARN_UNDECLARED_SELECTOR = YES;
				GCC_WARN_UNINITIALIZED_AUTOS = YES_AGGRESSIVE;
				GCC_WARN_UNUSED_FUNCTION = YES;
				GCC_WARN_UNUSED_VARIABLE = YES;
				IPHONEOS_DEPLOYMENT_TARGET = 14.5;
				MTL_ENABLE_DEBUG_INFO = INCLUDE_SOURCE;
				MTL_FAST_MATH = YES;
				ONLY_ACTIVE_ARCH = YES;
				SDKROOT = iphoneos;
				SWIFT_ACTIVE_COMPILATION_CONDITIONS = DEBUG;
				SWIFT_OPTIMIZATION_LEVEL = "-Onone";
			};
			name = Debug;
		};
		6053134F26B1F64900CDE426 /* Release */ = {
			isa = XCBuildConfiguration;
			buildSettings = {
				ALWAYS_SEARCH_USER_PATHS = NO;
				CLANG_ANALYZER_NONNULL = YES;
				CLANG_ANALYZER_NUMBER_OBJECT_CONVERSION = YES_AGGRESSIVE;
				CLANG_CXX_LANGUAGE_STANDARD = "gnu++14";
				CLANG_CXX_LIBRARY = "libc++";
				CLANG_ENABLE_MODULES = YES;
				CLANG_ENABLE_OBJC_ARC = YES;
				CLANG_ENABLE_OBJC_WEAK = YES;
				CLANG_WARN_BLOCK_CAPTURE_AUTORELEASING = YES;
				CLANG_WARN_BOOL_CONVERSION = YES;
				CLANG_WARN_COMMA = YES;
				CLANG_WARN_CONSTANT_CONVERSION = YES;
				CLANG_WARN_DEPRECATED_OBJC_IMPLEMENTATIONS = YES;
				CLANG_WARN_DIRECT_OBJC_ISA_USAGE = YES_ERROR;
				CLANG_WARN_DOCUMENTATION_COMMENTS = YES;
				CLANG_WARN_EMPTY_BODY = YES;
				CLANG_WARN_ENUM_CONVERSION = YES;
				CLANG_WARN_INFINITE_RECURSION = YES;
				CLANG_WARN_INT_CONVERSION = YES;
				CLANG_WARN_NON_LITERAL_NULL_CONVERSION = YES;
				CLANG_WARN_OBJC_IMPLICIT_RETAIN_SELF = YES;
				CLANG_WARN_OBJC_LITERAL_CONVERSION = YES;
				CLANG_WARN_OBJC_ROOT_CLASS = YES_ERROR;
				CLANG_WARN_QUOTED_INCLUDE_IN_FRAMEWORK_HEADER = YES;
				CLANG_WARN_RANGE_LOOP_ANALYSIS = YES;
				CLANG_WARN_STRICT_PROTOTYPES = YES;
				CLANG_WARN_SUSPICIOUS_MOVE = YES;
				CLANG_WARN_UNGUARDED_AVAILABILITY = YES_AGGRESSIVE;
				CLANG_WARN_UNREACHABLE_CODE = YES;
				CLANG_WARN__DUPLICATE_METHOD_MATCH = YES;
				COPY_PHASE_STRIP = NO;
				DEBUG_INFORMATION_FORMAT = "dwarf-with-dsym";
				ENABLE_NS_ASSERTIONS = NO;
				ENABLE_STRICT_OBJC_MSGSEND = YES;
				GCC_C_LANGUAGE_STANDARD = gnu11;
				GCC_NO_COMMON_BLOCKS = YES;
				GCC_WARN_64_TO_32_BIT_CONVERSION = YES;
				GCC_WARN_ABOUT_RETURN_TYPE = YES_ERROR;
				GCC_WARN_UNDECLARED_SELECTOR = YES;
				GCC_WARN_UNINITIALIZED_AUTOS = YES_AGGRESSIVE;
				GCC_WARN_UNUSED_FUNCTION = YES;
				GCC_WARN_UNUSED_VARIABLE = YES;
				IPHONEOS_DEPLOYMENT_TARGET = 14.5;
				MTL_ENABLE_DEBUG_INFO = NO;
				MTL_FAST_MATH = YES;
				SDKROOT = iphoneos;
				SWIFT_COMPILATION_MODE = wholemodule;
				SWIFT_OPTIMIZATION_LEVEL = "-O";
				VALIDATE_PRODUCT = YES;
			};
			name = Release;
		};
		6053135126B1F64900CDE426 /* Debug */ = {
			isa = XCBuildConfiguration;
			baseConfigurationReference = C762DB663C768F113DA77BF2 /* Pods-GoogleMapsDemo.debug.xcconfig */;
			buildSettings = {
				ASSETCATALOG_COMPILER_APPICON_NAME = AppIcon;
				ASSETCATALOG_COMPILER_GLOBAL_ACCENT_COLOR_NAME = AccentColor;
				CODE_SIGN_STYLE = Automatic;
				DEVELOPMENT_ASSET_PATHS = "\"GoogleMapsDemo/Preview Content\"";
				DEVELOPMENT_TEAM = 233YXPL4H5;
				ENABLE_PREVIEWS = YES;
				INFOPLIST_FILE = GoogleMapsDemo/Info.plist;
				IPHONEOS_DEPLOYMENT_TARGET = 14.0;
				LD_RUNPATH_SEARCH_PATHS = (
					"$(inherited)",
					"@executable_path/Frameworks",
				);
				PRODUCT_BUNDLE_IDENTIFIER = com.raquelmena.GoogleMapsDemo;
				PRODUCT_NAME = "$(TARGET_NAME)";
				SWIFT_VERSION = 5.0;
				TARGETED_DEVICE_FAMILY = "1,2";
			};
			name = Debug;
		};
		6053135226B1F64900CDE426 /* Release */ = {
			isa = XCBuildConfiguration;
			baseConfigurationReference = BBF28F875CCFBC9DAF40A3F8 /* Pods-GoogleMapsDemo.release.xcconfig */;
			buildSettings = {
				ASSETCATALOG_COMPILER_APPICON_NAME = AppIcon;
				ASSETCATALOG_COMPILER_GLOBAL_ACCENT_COLOR_NAME = AccentColor;
				CODE_SIGN_STYLE = Automatic;
				DEVELOPMENT_ASSET_PATHS = "\"GoogleMapsDemo/Preview Content\"";
				DEVELOPMENT_TEAM = 233YXPL4H5;
				ENABLE_PREVIEWS = YES;
				INFOPLIST_FILE = GoogleMapsDemo/Info.plist;
				IPHONEOS_DEPLOYMENT_TARGET = 14.0;
				LD_RUNPATH_SEARCH_PATHS = (
					"$(inherited)",
					"@executable_path/Frameworks",
				);
				PRODUCT_BUNDLE_IDENTIFIER = com.raquelmena.GoogleMapsDemo;
				PRODUCT_NAME = "$(TARGET_NAME)";
				SWIFT_VERSION = 5.0;
				TARGETED_DEVICE_FAMILY = "1,2";
			};
			name = Release;
		};
/* End XCBuildConfiguration section */

/* Begin XCConfigurationList section */
		6053133C26B1F64800CDE426 /* Build configuration list for PBXProject "GoogleMapsDemo" */ = {
			isa = XCConfigurationList;
			buildConfigurations = (
				6053134E26B1F64900CDE426 /* Debug */,
				6053134F26B1F64900CDE426 /* Release */,
			);
			defaultConfigurationIsVisible = 0;
			defaultConfigurationName = Release;
		};
		6053135026B1F64900CDE426 /* Build configuration list for PBXNativeTarget "GoogleMapsDemo" */ = {
			isa = XCConfigurationList;
			buildConfigurations = (
				6053135126B1F64900CDE426 /* Debug */,
				6053135226B1F64900CDE426 /* Release */,
			);
			defaultConfigurationIsVisible = 0;
			defaultConfigurationName = Release;
		};
/* End XCConfigurationList section */
	};
	rootObject = 6053133926B1F64800CDE426 /* Project object */;
}
